// !$*UTF8*$!
{
	archiveVersion = 1;
	classes = {
	};
	objectVersion = 77;
	objects = {

/* Begin PBXBuildFile section */
		0219386E4E4B912F99D9A121 /* ProfileView.swift in Sources */ = {isa = PBXBuildFile; fileRef = 8973AE6B8C93BC3385082D4E /* ProfileView.swift */; };
		06F52E38224283AD3D9B67C4 /* PrimaryButton.swift in Sources */ = {isa = PBXBuildFile; fileRef = 2431C78E9C9239620D33AC8B /* PrimaryButton.swift */; };
		0868414B4C545596685E14CC /* LoadingView.swift in Sources */ = {isa = PBXBuildFile; fileRef = F11CE18D20DCCAB6C048E0ED /* LoadingView.swift */; };
		0DDC1394F6AE40DCB9EFA4EF /* Tokens.swift in Sources */ = {isa = PBXBuildFile; fileRef = 03F6BFA411B06AC33CCF6FF2 /* Tokens.swift */; };
		0DE7B68416CAE8E679C26774 /* Temple.swift in Sources */ = {isa = PBXBuildFile; fileRef = 9868540D689F7EA31B0C619C /* Temple.swift */; };
		0EE177F7794C1CFF7E836842 /* ChatViewModel.swift in Sources */ = {isa = PBXBuildFile; fileRef = 1BE33612D2155FEDA901D3D8 /* ChatViewModel.swift */; };
		0EF05DF1C4E58FE9FD15AA30 /* MasterProfileView.swift in Sources */ = {isa = PBXBuildFile; fileRef = E4E5FAA5B507CCC9247021D4 /* MasterProfileView.swift */; };
		0F55AE338593ED20CCD0C68E /* OpenIMSDKiOS in Frameworks */ = {isa = PBXBuildFile; productRef = 6CB8A33A2CE3D91A65F80749 /* OpenIMSDKiOS */; };
		1326038FBE973B1514AF0DD2 /* ServiceVowView.swift in Sources */ = {isa = PBXBuildFile; fileRef = 576AED6FD494F52074FD9CA8 /* ServiceVowView.swift */; };
		14308CE165488C4CA71E79BB /* MasterListViewModel.swift in Sources */ = {isa = PBXBuildFile; fileRef = 95B683B69A6B598E1BC6FA84 /* MasterListViewModel.swift */; };
		17F3236A93A522F132A5503A /* ProfileViewModel.swift in Sources */ = {isa = PBXBuildFile; fileRef = 4BA68B8CE6DA0E3B274EBA07 /* ProfileViewModel.swift */; };
		27E98D4531895A4CF2246E1A /* ShopView.swift in Sources */ = {isa = PBXBuildFile; fileRef = A0D047F538ABC13EAC55361D /* ShopView.swift */; };
		379E0BF411286D340A8362A0 /* LoginView.swift in Sources */ = {isa = PBXBuildFile; fileRef = C321AEBD19A23F58E9FE7483 /* LoginView.swift */; };
		388BB00B12C73D7CED013883 /* HomeView.swift in Sources */ = {isa = PBXBuildFile; fileRef = 746540EA9040535BB5DA0E12 /* HomeView.swift */; };
		3980D1D3EAF34F9165A05CA6 /* DiyOrderView.swift in Sources */ = {isa = PBXBuildFile; fileRef = 8C90FB5FC146C32B7F608F0A /* DiyOrderView.swift */; };
		410A707E969AD3BCB07889B3 /* TempleDetailViewModel.swift in Sources */ = {isa = PBXBuildFile; fileRef = F92542A7AC56799BC20F9544 /* TempleDetailViewModel.swift */; };
		41E700E93396DB96237B2997 /* LoginRequiredView.swift in Sources */ = {isa = PBXBuildFile; fileRef = 7A7D526045E92370DDA8D508 /* LoginRequiredView.swift */; };
		44BBB65AA886E6E4BA01D6A0 /* MasterProfileViewModel.swift in Sources */ = {isa = PBXBuildFile; fileRef = 89D472202BFAC67906844A14 /* MasterProfileViewModel.swift */; };
		46F90EBD64A21089D2A1B25A /* Service.swift in Sources */ = {isa = PBXBuildFile; fileRef = 193EEF8E131D20E2F4897CE0 /* Service.swift */; };
		5152DE8AB826062170958CB4 /* DiyDetailView.swift in Sources */ = {isa = PBXBuildFile; fileRef = D959B591467788C8881269EE /* DiyDetailView.swift */; };
		54484D8E2C7956FCFD8FDEF7 /* Configuration.swift in Sources */ = {isa = PBXBuildFile; fileRef = 006294936C9F9297CF0B3D70 /* Configuration.swift */; };
		57B146988753892ADAFF17C5 /* MainTabView.swift in Sources */ = {isa = PBXBuildFile; fileRef = 1AF936000A9D7B1EC00D512D /* MainTabView.swift */; };
		615FDBF75C19A78428C9CBE2 /* AiResult.swift in Sources */ = {isa = PBXBuildFile; fileRef = B0138C84F23ED0F852535C5D /* AiResult.swift */; };
		61D940E548D42E09DFB9AB44 /* DateFormatter.swift in Sources */ = {isa = PBXBuildFile; fileRef = 72C2E2CB76CD043E38E68EDD /* DateFormatter.swift */; };
		62859EDD2DD7DCC2EC29D1B7 /* ChatMessage.swift in Sources */ = {isa = PBXBuildFile; fileRef = AD74EC54937E0812B49D310C /* ChatMessage.swift */; };
		6576A18C267456C5DD62A269 /* TempleDetailView.swift in Sources */ = {isa = PBXBuildFile; fileRef = 25FDFC04252F879AB3493443 /* TempleDetailView.swift */; };
		695BB1CBB602AAC1393D6EDF /* ProfileSubPages.swift in Sources */ = {isa = PBXBuildFile; fileRef = 91E72CF0968B77B4343B884E /* ProfileSubPages.swift */; };
		6B98795B1FDC0AFD2756DCAF /* HomeViewModel.swift in Sources */ = {isa = PBXBuildFile; fileRef = 47FA318687B4947262CFF8DD /* HomeViewModel.swift */; };
		6CB8C86D488358AA9ACC986C /* UserProfile.swift in Sources */ = {isa = PBXBuildFile; fileRef = CB0018C29D0DC4CD63F43199 /* UserProfile.swift */; };
		6DCE915F1F7510E6EFBB1991 /* ServiceTaisuiView.swift in Sources */ = {isa = PBXBuildFile; fileRef = E0EFC7436BB112169EF54B6F /* ServiceTaisuiView.swift */; };
		7114168E304F9F18E61E16EB /* Master.swift in Sources */ = {isa = PBXBuildFile; fileRef = A03E43A4788113300BE29D77 /* Master.swift */; };
		84B5E75095A9D37B696B6713 /* APIClient.swift in Sources */ = {isa = PBXBuildFile; fileRef = C010CD5681C8EF44E54E513F /* APIClient.swift */; };
		84F998F328F8B5EA59A5CF1F /* BookingView.swift in Sources */ = {isa = PBXBuildFile; fileRef = 78233F2A18CCCCDF35390DB2 /* BookingView.swift */; };
		8BA9CE40B114C6365F998545 /* StatusBadge.swift in Sources */ = {isa = PBXBuildFile; fileRef = 5DC8C8E33F8CCD3F87412A11 /* StatusBadge.swift */; };
		90FE6999E8BBDF5CA5622022 /* MasterListView.swift in Sources */ = {isa = PBXBuildFile; fileRef = C8A977054AC6636024946C93 /* MasterListView.swift */; };
		929252235D6B2452438425AF /* Assets.xcassets in Resources */ = {isa = PBXBuildFile; fileRef = 6A5A6DB8CDF1D86AFAD4F519 /* Assets.xcassets */; };
		95CB52E2500A3A223AC906BC /* ChatView.swift in Sources */ = {isa = PBXBuildFile; fileRef = 25E69079EF146EC3781FA552 /* ChatView.swift */; };
		9DCAC833291B1ACFBB60789D /* EmptyState.swift in Sources */ = {isa = PBXBuildFile; fileRef = 616449B3D7AA309EDF8D62DD /* EmptyState.swift */; };
		9FF1188411679345C8C92555 /* JSONHelper.swift in Sources */ = {isa = PBXBuildFile; fileRef = AB1A4F5DC44274685E3D28B6 /* JSONHelper.swift */; };
		A31DEA88CCCB3DE7FF454C25 /* Endpoint.swift in Sources */ = {isa = PBXBuildFile; fileRef = DC696A95190CFDED2073D457 /* Endpoint.swift */; };
		A98A05A40D9DF09AADD47588 /* ServiceIncenseView.swift in Sources */ = {isa = PBXBuildFile; fileRef = 5FBD28CBB485AB876AA47DD9 /* ServiceIncenseView.swift */; };
		AB46B81C569A50D1B2BB5176 /* AiDivinationView.swift in Sources */ = {isa = PBXBuildFile; fileRef = 787EDD761D1A9D8D2F7853A8 /* AiDivinationView.swift */; };
		B16A7A941FCCAF092DE3C73C /* DiyDesignView.swift in Sources */ = {isa = PBXBuildFile; fileRef = 7526F74BD52B1A039609D8DF /* DiyDesignView.swift */; };
		B2FEE4BBD4A4151CC68B74DF /* TempleListView.swift in Sources */ = {isa = PBXBuildFile; fileRef = 989347BF6A366E3E13B3BDDA /* TempleListView.swift */; };
		B35B169513C0F234B65D9CB8 /* ServiceBlessingView.swift in Sources */ = {isa = PBXBuildFile; fileRef = 41C2E5B48BC2E74108354D27 /* ServiceBlessingView.swift */; };
		B3EAA3277CE211284149DB37 /* AuthStore.swift in Sources */ = {isa = PBXBuildFile; fileRef = 6031FC8114555CAC9A2010E3 /* AuthStore.swift */; };
		B4EFC27D7AA2D9FE4E9C684D /* BottomTabBar.swift in Sources */ = {isa = PBXBuildFile; fileRef = DA98EDFCAA4C436931ED0222 /* BottomTabBar.swift */; };
		BE234FC62A4A6EFFB20595A0 /* Announcement.swift in Sources */ = {isa = PBXBuildFile; fileRef = 256B49BC8EC19FDE6447F528 /* Announcement.swift */; };
		C78940F3C6C9789E10C8EE67 /* ServiceLampView.swift in Sources */ = {isa = PBXBuildFile; fileRef = 0DDC649DCC534DC4F787CD65 /* ServiceLampView.swift */; };
		C84CB7A281B7808A3AF0BAB8 /* WebSocketManager.swift in Sources */ = {isa = PBXBuildFile; fileRef = 7E8B5D58C95EF253F44E0060 /* WebSocketManager.swift */; };
		C8FA7A5209B8A256BE11299C /* ServiceConsecrationView.swift in Sources */ = {isa = PBXBuildFile; fileRef = 7EC4A691B775E127A0F1C1DD /* ServiceConsecrationView.swift */; };
		CE5F5ED16F906B9A237EBAD4 /* TempleListViewModel.swift in Sources */ = {isa = PBXBuildFile; fileRef = E40BE52F2D940C20FBCBB17D /* TempleListViewModel.swift */; };
		D4AAAC91F0650D259FD983C2 /* ShopProduct.swift in Sources */ = {isa = PBXBuildFile; fileRef = D3D257EEFF4EAD94AEBC2472 /* ShopProduct.swift */; };
		D4D804135148BD21C19EAE3B /* Card.swift in Sources */ = {isa = PBXBuildFile; fileRef = C7A6F924ADE80A4DCF100DF1 /* Card.swift */; };
		D977E1C40A7290458864DCEA /* DiyOrder.swift in Sources */ = {isa = PBXBuildFile; fileRef = 24DD6432C6363432E718D930 /* DiyOrder.swift */; };
		D9D7A823968872F3762432EC /* DiyViewModel.swift in Sources */ = {isa = PBXBuildFile; fileRef = E9446383FCD8C80FAC5035CE /* DiyViewModel.swift */; };
		DD6F2720622FF10453D1D3E1 /* ServiceViewModel.swift in Sources */ = {isa = PBXBuildFile; fileRef = A99546E19EF4027BB49DBB2B /* ServiceViewModel.swift */; };
		E10148E171165C5D902CC446 /* DiyBraceletView.swift in Sources */ = {isa = PBXBuildFile; fileRef = F14481BA1F32CB1D766AFB69 /* DiyBraceletView.swift */; };
		E428FDDFC9AFF9C2C869E275 /* DongFangApp.swift in Sources */ = {isa = PBXBuildFile; fileRef = 389090D2C716583E337285CD /* DongFangApp.swift */; };
		E765E8D88CA7EADA4BF26F87 /* ImageMapper.swift in Sources */ = {isa = PBXBuildFile; fileRef = 901590AF25B2704F9F890262 /* ImageMapper.swift */; };
		EACF501BF0D8E7C1AD3BB5C5 /* TopNavBar.swift in Sources */ = {isa = PBXBuildFile; fileRef = 50FD827D80189BE654949DBE /* TopNavBar.swift */; };
		EBFA704044771FB073859654 /* TagPill.swift in Sources */ = {isa = PBXBuildFile; fileRef = FB598B67C7D0B2F9D42CD48A /* TagPill.swift */; };
		EE5F51355DD2A3DDD3C8877B /* ServiceRiteView.swift in Sources */ = {isa = PBXBuildFile; fileRef = 69E69B95BFE18EC029686A3B /* ServiceRiteView.swift */; };
		F42B55A03DE372F3DA37E304 /* ChatDetailView.swift in Sources */ = {isa = PBXBuildFile; fileRef = 88E82F76143FF951B694E509 /* ChatDetailView.swift */; };
		F4DC4611470AE2F64831F6F6 /* ShopViewModel.swift in Sources */ = {isa = PBXBuildFile; fileRef = 50321C15C1346E3FF7B838C4 /* ShopViewModel.swift */; };
		F829CD758E338F9260D1FA82 /* BookingViewModel.swift in Sources */ = {isa = PBXBuildFile; fileRef = 2E5A6AA366BD8DB9094DBFD1 /* BookingViewModel.swift */; };
		FA20A6E964773D1D7030CCA6 /* GlassBackground.swift in Sources */ = {isa = PBXBuildFile; fileRef = 77F6C9921DE3DA835BB90207 /* GlassBackground.swift */; };
		FA231E1DDC1EA5CF26115C35 /* APIResponse.swift in Sources */ = {isa = PBXBuildFile; fileRef = 5F42ECA2DB16A4249D38183C /* APIResponse.swift */; };
		FA8DF5C8136C3083A7CF725F /* Booking.swift in Sources */ = {isa = PBXBuildFile; fileRef = 4E4ED0B783D1D7DB113786B0 /* Booking.swift */; };
		FD62D7B13DCFE5C4B52992F0 /* RemoteImage.swift in Sources */ = {isa = PBXBuildFile; fileRef = 9FF6AD3EC1893B3135324CFB /* RemoteImage.swift */; };
/* End PBXBuildFile section */

/* Begin PBXFileReference section */
		006294936C9F9297CF0B3D70 /* Configuration.swift */ = {isa = PBXFileReference; lastKnownFileType = sourcecode.swift; path = Configuration.swift; sourceTree = "<group>"; };
		03F6BFA411B06AC33CCF6FF2 /* Tokens.swift */ = {isa = PBXFileReference; lastKnownFileType = sourcecode.swift; path = Tokens.swift; sourceTree = "<group>"; };
		0DDC649DCC534DC4F787CD65 /* ServiceLampView.swift */ = {isa = PBXFileReference; lastKnownFileType = sourcecode.swift; path = ServiceLampView.swift; sourceTree = "<group>"; };
		193EEF8E131D20E2F4897CE0 /* Service.swift */ = {isa = PBXFileReference; lastKnownFileType = sourcecode.swift; path = Service.swift; sourceTree = "<group>"; };
		19C4A2CA2A31EEAEEE340C69 /* DongFangApp.app */ = {isa = PBXFileReference; includeInIndex = 0; lastKnownFileType = wrapper.application; path = DongFangApp.app; sourceTree = BUILT_PRODUCTS_DIR; };
		1AF936000A9D7B1EC00D512D /* MainTabView.swift */ = {isa = PBXFileReference; lastKnownFileType = sourcecode.swift; path = MainTabView.swift; sourceTree = "<group>"; };
		1BE33612D2155FEDA901D3D8 /* ChatViewModel.swift */ = {isa = PBXFileReference; lastKnownFileType = sourcecode.swift; path = ChatViewModel.swift; sourceTree = "<group>"; };
		2431C78E9C9239620D33AC8B /* PrimaryButton.swift */ = {isa = PBXFileReference; lastKnownFileType = sourcecode.swift; path = PrimaryButton.swift; sourceTree = "<group>"; };
		24DD6432C6363432E718D930 /* DiyOrder.swift */ = {isa = PBXFileReference; lastKnownFileType = sourcecode.swift; path = DiyOrder.swift; sourceTree = "<group>"; };
		256B49BC8EC19FDE6447F528 /* Announcement.swift */ = {isa = PBXFileReference; lastKnownFileType = sourcecode.swift; path = Announcement.swift; sourceTree = "<group>"; };
		25E69079EF146EC3781FA552 /* ChatView.swift */ = {isa = PBXFileReference; lastKnownFileType = sourcecode.swift; path = ChatView.swift; sourceTree = "<group>"; };
		25FDFC04252F879AB3493443 /* TempleDetailView.swift */ = {isa = PBXFileReference; lastKnownFileType = sourcecode.swift; path = TempleDetailView.swift; sourceTree = "<group>"; };
		2E5A6AA366BD8DB9094DBFD1 /* BookingViewModel.swift */ = {isa = PBXFileReference; lastKnownFileType = sourcecode.swift; path = BookingViewModel.swift; sourceTree = "<group>"; };
		389090D2C716583E337285CD /* DongFangApp.swift */ = {isa = PBXFileReference; lastKnownFileType = sourcecode.swift; path = DongFangApp.swift; sourceTree = "<group>"; };
		41C2E5B48BC2E74108354D27 /* ServiceBlessingView.swift */ = {isa = PBXFileReference; lastKnownFileType = sourcecode.swift; path = ServiceBlessingView.swift; sourceTree = "<group>"; };
		47FA318687B4947262CFF8DD /* HomeViewModel.swift */ = {isa = PBXFileReference; lastKnownFileType = sourcecode.swift; path = HomeViewModel.swift; sourceTree = "<group>"; };
		4BA68B8CE6DA0E3B274EBA07 /* ProfileViewModel.swift */ = {isa = PBXFileReference; lastKnownFileType = sourcecode.swift; path = ProfileViewModel.swift; sourceTree = "<group>"; };
		4E4ED0B783D1D7DB113786B0 /* Booking.swift */ = {isa = PBXFileReference; lastKnownFileType = sourcecode.swift; path = Booking.swift; sourceTree = "<group>"; };
		50321C15C1346E3FF7B838C4 /* ShopViewModel.swift */ = {isa = PBXFileReference; lastKnownFileType = sourcecode.swift; path = ShopViewModel.swift; sourceTree = "<group>"; };
		50FD827D80189BE654949DBE /* TopNavBar.swift */ = {isa = PBXFileReference; lastKnownFileType = sourcecode.swift; path = TopNavBar.swift; sourceTree = "<group>"; };
		576AED6FD494F52074FD9CA8 /* ServiceVowView.swift */ = {isa = PBXFileReference; lastKnownFileType = sourcecode.swift; path = ServiceVowView.swift; sourceTree = "<group>"; };
		5DC8C8E33F8CCD3F87412A11 /* StatusBadge.swift */ = {isa = PBXFileReference; lastKnownFileType = sourcecode.swift; path = StatusBadge.swift; sourceTree = "<group>"; };
		5F42ECA2DB16A4249D38183C /* APIResponse.swift */ = {isa = PBXFileReference; lastKnownFileType = sourcecode.swift; path = APIResponse.swift; sourceTree = "<group>"; };
		5FBD28CBB485AB876AA47DD9 /* ServiceIncenseView.swift */ = {isa = PBXFileReference; lastKnownFileType = sourcecode.swift; path = ServiceIncenseView.swift; sourceTree = "<group>"; };
		6031FC8114555CAC9A2010E3 /* AuthStore.swift */ = {isa = PBXFileReference; lastKnownFileType = sourcecode.swift; path = AuthStore.swift; sourceTree = "<group>"; };
		616449B3D7AA309EDF8D62DD /* EmptyState.swift */ = {isa = PBXFileReference; lastKnownFileType = sourcecode.swift; path = EmptyState.swift; sourceTree = "<group>"; };
		69E69B95BFE18EC029686A3B /* ServiceRiteView.swift */ = {isa = PBXFileReference; lastKnownFileType = sourcecode.swift; path = ServiceRiteView.swift; sourceTree = "<group>"; };
		6A5A6DB8CDF1D86AFAD4F519 /* Assets.xcassets */ = {isa = PBXFileReference; lastKnownFileType = folder.assetcatalog; path = Assets.xcassets; sourceTree = "<group>"; };
		72C2E2CB76CD043E38E68EDD /* DateFormatter.swift */ = {isa = PBXFileReference; lastKnownFileType = sourcecode.swift; path = DateFormatter.swift; sourceTree = "<group>"; };
		746540EA9040535BB5DA0E12 /* HomeView.swift */ = {isa = PBXFileReference; lastKnownFileType = sourcecode.swift; path = HomeView.swift; sourceTree = "<group>"; };
		7526F74BD52B1A039609D8DF /* DiyDesignView.swift */ = {isa = PBXFileReference; lastKnownFileType = sourcecode.swift; path = DiyDesignView.swift; sourceTree = "<group>"; };
		77F6C9921DE3DA835BB90207 /* GlassBackground.swift */ = {isa = PBXFileReference; lastKnownFileType = sourcecode.swift; path = GlassBackground.swift; sourceTree = "<group>"; };
		78233F2A18CCCCDF35390DB2 /* BookingView.swift */ = {isa = PBXFileReference; lastKnownFileType = sourcecode.swift; path = BookingView.swift; sourceTree = "<group>"; };
		787EDD761D1A9D8D2F7853A8 /* AiDivinationView.swift */ = {isa = PBXFileReference; lastKnownFileType = sourcecode.swift; path = AiDivinationView.swift; sourceTree = "<group>"; };
		7A7D526045E92370DDA8D508 /* LoginRequiredView.swift */ = {isa = PBXFileReference; lastKnownFileType = sourcecode.swift; path = LoginRequiredView.swift; sourceTree = "<group>"; };
		7E8B5D58C95EF253F44E0060 /* WebSocketManager.swift */ = {isa = PBXFileReference; lastKnownFileType = sourcecode.swift; path = WebSocketManager.swift; sourceTree = "<group>"; };
		7EC4A691B775E127A0F1C1DD /* ServiceConsecrationView.swift */ = {isa = PBXFileReference; lastKnownFileType = sourcecode.swift; path = ServiceConsecrationView.swift; sourceTree = "<group>"; };
		88E82F76143FF951B694E509 /* ChatDetailView.swift */ = {isa = PBXFileReference; lastKnownFileType = sourcecode.swift; path = ChatDetailView.swift; sourceTree = "<group>"; };
		8973AE6B8C93BC3385082D4E /* ProfileView.swift */ = {isa = PBXFileReference; lastKnownFileType = sourcecode.swift; path = ProfileView.swift; sourceTree = "<group>"; };
		89D472202BFAC67906844A14 /* MasterProfileViewModel.swift */ = {isa = PBXFileReference; lastKnownFileType = sourcecode.swift; path = MasterProfileViewModel.swift; sourceTree = "<group>"; };
		8C90FB5FC146C32B7F608F0A /* DiyOrderView.swift */ = {isa = PBXFileReference; lastKnownFileType = sourcecode.swift; path = DiyOrderView.swift; sourceTree = "<group>"; };
		901590AF25B2704F9F890262 /* ImageMapper.swift */ = {isa = PBXFileReference; lastKnownFileType = sourcecode.swift; path = ImageMapper.swift; sourceTree = "<group>"; };
		91E72CF0968B77B4343B884E /* ProfileSubPages.swift */ = {isa = PBXFileReference; lastKnownFileType = sourcecode.swift; path = ProfileSubPages.swift; sourceTree = "<group>"; };
		95B683B69A6B598E1BC6FA84 /* MasterListViewModel.swift */ = {isa = PBXFileReference; lastKnownFileType = sourcecode.swift; path = MasterListViewModel.swift; sourceTree = "<group>"; };
		9868540D689F7EA31B0C619C /* Temple.swift */ = {isa = PBXFileReference; lastKnownFileType = sourcecode.swift; path = Temple.swift; sourceTree = "<group>"; };
		989347BF6A366E3E13B3BDDA /* TempleListView.swift */ = {isa = PBXFileReference; lastKnownFileType = sourcecode.swift; path = TempleListView.swift; sourceTree = "<group>"; };
		9FF6AD3EC1893B3135324CFB /* RemoteImage.swift */ = {isa = PBXFileReference; lastKnownFileType = sourcecode.swift; path = RemoteImage.swift; sourceTree = "<group>"; };
		A03E43A4788113300BE29D77 /* Master.swift */ = {isa = PBXFileReference; lastKnownFileType = sourcecode.swift; path = Master.swift; sourceTree = "<group>"; };
		A0D047F538ABC13EAC55361D /* ShopView.swift */ = {isa = PBXFileReference; lastKnownFileType = sourcecode.swift; path = ShopView.swift; sourceTree = "<group>"; };
		A99546E19EF4027BB49DBB2B /* ServiceViewModel.swift */ = {isa = PBXFileReference; lastKnownFileType = sourcecode.swift; path = ServiceViewModel.swift; sourceTree = "<group>"; };
		AB1A4F5DC44274685E3D28B6 /* JSONHelper.swift */ = {isa = PBXFileReference; lastKnownFileType = sourcecode.swift; path = JSONHelper.swift; sourceTree = "<group>"; };
		AD74EC54937E0812B49D310C /* ChatMessage.swift */ = {isa = PBXFileReference; lastKnownFileType = sourcecode.swift; path = ChatMessage.swift; sourceTree = "<group>"; };
		B0138C84F23ED0F852535C5D /* AiResult.swift */ = {isa = PBXFileReference; lastKnownFileType = sourcecode.swift; path = AiResult.swift; sourceTree = "<group>"; };
		C010CD5681C8EF44E54E513F /* APIClient.swift */ = {isa = PBXFileReference; lastKnownFileType = sourcecode.swift; path = APIClient.swift; sourceTree = "<group>"; };
		C321AEBD19A23F58E9FE7483 /* LoginView.swift */ = {isa = PBXFileReference; lastKnownFileType = sourcecode.swift; path = LoginView.swift; sourceTree = "<group>"; };
		C7A6F924ADE80A4DCF100DF1 /* Card.swift */ = {isa = PBXFileReference; lastKnownFileType = sourcecode.swift; path = Card.swift; sourceTree = "<group>"; };
		C8A977054AC6636024946C93 /* MasterListView.swift */ = {isa = PBXFileReference; lastKnownFileType = sourcecode.swift; path = MasterListView.swift; sourceTree = "<group>"; };
		CB0018C29D0DC4CD63F43199 /* UserProfile.swift */ = {isa = PBXFileReference; lastKnownFileType = sourcecode.swift; path = UserProfile.swift; sourceTree = "<group>"; };
		D3D257EEFF4EAD94AEBC2472 /* ShopProduct.swift */ = {isa = PBXFileReference; lastKnownFileType = sourcecode.swift; path = ShopProduct.swift; sourceTree = "<group>"; };
		D959B591467788C8881269EE /* DiyDetailView.swift */ = {isa = PBXFileReference; lastKnownFileType = sourcecode.swift; path = DiyDetailView.swift; sourceTree = "<group>"; };
		DA98EDFCAA4C436931ED0222 /* BottomTabBar.swift */ = {isa = PBXFileReference; lastKnownFileType = sourcecode.swift; path = BottomTabBar.swift; sourceTree = "<group>"; };
		DC696A95190CFDED2073D457 /* Endpoint.swift */ = {isa = PBXFileReference; lastKnownFileType = sourcecode.swift; path = Endpoint.swift; sourceTree = "<group>"; };
		E0EFC7436BB112169EF54B6F /* ServiceTaisuiView.swift */ = {isa = PBXFileReference; lastKnownFileType = sourcecode.swift; path = ServiceTaisuiView.swift; sourceTree = "<group>"; };
		E40BE52F2D940C20FBCBB17D /* TempleListViewModel.swift */ = {isa = PBXFileReference; lastKnownFileType = sourcecode.swift; path = TempleListViewModel.swift; sourceTree = "<group>"; };
		E4E5FAA5B507CCC9247021D4 /* MasterProfileView.swift */ = {isa = PBXFileReference; lastKnownFileType = sourcecode.swift; path = MasterProfileView.swift; sourceTree = "<group>"; };
		E9446383FCD8C80FAC5035CE /* DiyViewModel.swift */ = {isa = PBXFileReference; lastKnownFileType = sourcecode.swift; path = DiyViewModel.swift; sourceTree = "<group>"; };
		F11CE18D20DCCAB6C048E0ED /* LoadingView.swift */ = {isa = PBXFileReference; lastKnownFileType = sourcecode.swift; path = LoadingView.swift; sourceTree = "<group>"; };
		F14481BA1F32CB1D766AFB69 /* DiyBraceletView.swift */ = {isa = PBXFileReference; lastKnownFileType = sourcecode.swift; path = DiyBraceletView.swift; sourceTree = "<group>"; };
		F92542A7AC56799BC20F9544 /* TempleDetailViewModel.swift */ = {isa = PBXFileReference; lastKnownFileType = sourcecode.swift; path = TempleDetailViewModel.swift; sourceTree = "<group>"; };
		FB598B67C7D0B2F9D42CD48A /* TagPill.swift */ = {isa = PBXFileReference; lastKnownFileType = sourcecode.swift; path = TagPill.swift; sourceTree = "<group>"; };
/* End PBXFileReference section */

/* Begin PBXFrameworksBuildPhase section */
		C69A5140590FFDEC2D1F1312 /* Frameworks */ = {
			isa = PBXFrameworksBuildPhase;
			buildActionMask = 2147483647;
			files = (
				0F55AE338593ED20CCD0C68E /* OpenIMSDKiOS in Frameworks */,
			);
			runOnlyForDeploymentPostprocessing = 0;
		};
/* End PBXFrameworksBuildPhase section */

/* Begin PBXGroup section */
		1319836857C925ED74239FB3 /* Service */ = {
			isa = PBXGroup;
			children = (
				41C2E5B48BC2E74108354D27 /* ServiceBlessingView.swift */,
				7EC4A691B775E127A0F1C1DD /* ServiceConsecrationView.swift */,
				5FBD28CBB485AB876AA47DD9 /* ServiceIncenseView.swift */,
				0DDC649DCC534DC4F787CD65 /* ServiceLampView.swift */,
				69E69B95BFE18EC029686A3B /* ServiceRiteView.swift */,
				E0EFC7436BB112169EF54B6F /* ServiceTaisuiView.swift */,
				A99546E19EF4027BB49DBB2B /* ServiceViewModel.swift */,
				576AED6FD494F52074FD9CA8 /* ServiceVowView.swift */,
			);
			path = Service;
			sourceTree = "<group>";
		};
		2212A00BAC87DC51EDA95F9C /* Products */ = {
			isa = PBXGroup;
			children = (
				19C4A2CA2A31EEAEEE340C69 /* DongFangApp.app */,
			);
			name = Products;
			sourceTree = "<group>";
		};
		263FF3076D03D1368BCE67EF /* DesignSystem */ = {
			isa = PBXGroup;
			children = (
				C1BC940F88FC6F35D8AC71C7 /* Components */,
				03F6BFA411B06AC33CCF6FF2 /* Tokens.swift */,
			);
			path = DesignSystem;
			sourceTree = "<group>";
		};
		4975BAA5847955355B5BAD29 /* Shop */ = {
			isa = PBXGroup;
			children = (
				A0D047F538ABC13EAC55361D /* ShopView.swift */,
				50321C15C1346E3FF7B838C4 /* ShopViewModel.swift */,
			);
			path = Shop;
			sourceTree = "<group>";
		};
		54015560DB363C65EC81DB3F /* DongFangApp */ = {
			isa = PBXGroup;
			children = (
				E0F17AD3BA449C7240F0845F /* App */,
				FE185DC0CD8487C881D5BBC5 /* Core */,
				263FF3076D03D1368BCE67EF /* DesignSystem */,
				6391ECB12CCE8D16D4769D04 /* Features */,
				6C4F2F26877090A0A3631B6E /* Models */,
				94AE1BDB7D029095782BEB6D /* Resources */,
				9BB336E4E6417120A64357AD /* Utils */,
			);
			path = DongFangApp;
			sourceTree = "<group>";
		};
		589D86F0D400632D6369E525 = {
			isa = PBXGroup;
			children = (
				54015560DB363C65EC81DB3F /* DongFangApp */,
				2212A00BAC87DC51EDA95F9C /* Products */,
			);
			sourceTree = "<group>";
		};
		6391ECB12CCE8D16D4769D04 /* Features */ = {
			isa = PBXGroup;
			children = (
				E0FCE53A807C075FFBCC4B35 /* AiDivination */,
				FE6288A7821A0B2474D98032 /* Auth */,
				FA1C4098EBA498F6CF229FB5 /* Booking */,
				B79F9CBE9933FCF711961BEA /* Chat */,
				FC6B6DE9D719DD6DE1B515BE /* Diy */,
				7324FC3A0E4A28FDF56AC2DB /* Home */,
				DB7342E51D35969B42CE4283 /* Master */,
				D40B2AC7C4B397DD2C99CF31 /* Profile */,
				1319836857C925ED74239FB3 /* Service */,
				4975BAA5847955355B5BAD29 /* Shop */,
				80294E772E959200EF36E0F1 /* Temple */,
			);
			path = Features;
			sourceTree = "<group>";
		};
		6C4F2F26877090A0A3631B6E /* Models */ = {
			isa = PBXGroup;
			children = (
				B0138C84F23ED0F852535C5D /* AiResult.swift */,
				256B49BC8EC19FDE6447F528 /* Announcement.swift */,
				4E4ED0B783D1D7DB113786B0 /* Booking.swift */,
				AD74EC54937E0812B49D310C /* ChatMessage.swift */,
				24DD6432C6363432E718D930 /* DiyOrder.swift */,
				A03E43A4788113300BE29D77 /* Master.swift */,
				193EEF8E131D20E2F4897CE0 /* Service.swift */,
				D3D257EEFF4EAD94AEBC2472 /* ShopProduct.swift */,
				9868540D689F7EA31B0C619C /* Temple.swift */,
				CB0018C29D0DC4CD63F43199 /* UserProfile.swift */,
			);
			path = Models;
			sourceTree = "<group>";
		};
		6D283ED1B4D3145ACA3610B6 /* Network */ = {
			isa = PBXGroup;
			children = (
				C010CD5681C8EF44E54E513F /* APIClient.swift */,
				5F42ECA2DB16A4249D38183C /* APIResponse.swift */,
				6031FC8114555CAC9A2010E3 /* AuthStore.swift */,
				DC696A95190CFDED2073D457 /* Endpoint.swift */,
				7E8B5D58C95EF253F44E0060 /* WebSocketManager.swift */,
			);
			path = Network;
			sourceTree = "<group>";
		};
		7324FC3A0E4A28FDF56AC2DB /* Home */ = {
			isa = PBXGroup;
			children = (
				746540EA9040535BB5DA0E12 /* HomeView.swift */,
				47FA318687B4947262CFF8DD /* HomeViewModel.swift */,
			);
			path = Home;
			sourceTree = "<group>";
		};
		80294E772E959200EF36E0F1 /* Temple */ = {
			isa = PBXGroup;
			children = (
				25FDFC04252F879AB3493443 /* TempleDetailView.swift */,
				F92542A7AC56799BC20F9544 /* TempleDetailViewModel.swift */,
				989347BF6A366E3E13B3BDDA /* TempleListView.swift */,
				E40BE52F2D940C20FBCBB17D /* TempleListViewModel.swift */,
			);
			path = Temple;
			sourceTree = "<group>";
		};
		94AE1BDB7D029095782BEB6D /* Resources */ = {
			isa = PBXGroup;
			children = (
				6A5A6DB8CDF1D86AFAD4F519 /* Assets.xcassets */,
			);
			path = Resources;
			sourceTree = "<group>";
		};
		9BB336E4E6417120A64357AD /* Utils */ = {
			isa = PBXGroup;
			children = (
				72C2E2CB76CD043E38E68EDD /* DateFormatter.swift */,
				AB1A4F5DC44274685E3D28B6 /* JSONHelper.swift */,
			);
			path = Utils;
			sourceTree = "<group>";
		};
		B79F9CBE9933FCF711961BEA /* Chat */ = {
			isa = PBXGroup;
			children = (
				88E82F76143FF951B694E509 /* ChatDetailView.swift */,
				25E69079EF146EC3781FA552 /* ChatView.swift */,
				1BE33612D2155FEDA901D3D8 /* ChatViewModel.swift */,
			);
			path = Chat;
			sourceTree = "<group>";
		};
		C1BC940F88FC6F35D8AC71C7 /* Components */ = {
			isa = PBXGroup;
			children = (
				DA98EDFCAA4C436931ED0222 /* BottomTabBar.swift */,
				C7A6F924ADE80A4DCF100DF1 /* Card.swift */,
				616449B3D7AA309EDF8D62DD /* EmptyState.swift */,
				77F6C9921DE3DA835BB90207 /* GlassBackground.swift */,
				901590AF25B2704F9F890262 /* ImageMapper.swift */,
				F11CE18D20DCCAB6C048E0ED /* LoadingView.swift */,
				2431C78E9C9239620D33AC8B /* PrimaryButton.swift */,
				9FF6AD3EC1893B3135324CFB /* RemoteImage.swift */,
				5DC8C8E33F8CCD3F87412A11 /* StatusBadge.swift */,
				FB598B67C7D0B2F9D42CD48A /* TagPill.swift */,
				50FD827D80189BE654949DBE /* TopNavBar.swift */,
			);
			path = Components;
			sourceTree = "<group>";
		};
		D40B2AC7C4B397DD2C99CF31 /* Profile */ = {
			isa = PBXGroup;
			children = (
				91E72CF0968B77B4343B884E /* ProfileSubPages.swift */,
				8973AE6B8C93BC3385082D4E /* ProfileView.swift */,
				4BA68B8CE6DA0E3B274EBA07 /* ProfileViewModel.swift */,
			);
			path = Profile;
			sourceTree = "<group>";
		};
		DB7342E51D35969B42CE4283 /* Master */ = {
			isa = PBXGroup;
			children = (
				C8A977054AC6636024946C93 /* MasterListView.swift */,
				95B683B69A6B598E1BC6FA84 /* MasterListViewModel.swift */,
				E4E5FAA5B507CCC9247021D4 /* MasterProfileView.swift */,
				89D472202BFAC67906844A14 /* MasterProfileViewModel.swift */,
			);
			path = Master;
			sourceTree = "<group>";
		};
		E0F17AD3BA449C7240F0845F /* App */ = {
			isa = PBXGroup;
			children = (
				006294936C9F9297CF0B3D70 /* Configuration.swift */,
				389090D2C716583E337285CD /* DongFangApp.swift */,
				1AF936000A9D7B1EC00D512D /* MainTabView.swift */,
			);
			path = App;
			sourceTree = "<group>";
		};
		E0FCE53A807C075FFBCC4B35 /* AiDivination */ = {
			isa = PBXGroup;
			children = (
				787EDD761D1A9D8D2F7853A8 /* AiDivinationView.swift */,
			);
			path = AiDivination;
			sourceTree = "<group>";
		};
		FA1C4098EBA498F6CF229FB5 /* Booking */ = {
			isa = PBXGroup;
			children = (
				78233F2A18CCCCDF35390DB2 /* BookingView.swift */,
				2E5A6AA366BD8DB9094DBFD1 /* BookingViewModel.swift */,
			);
			path = Booking;
			sourceTree = "<group>";
		};
		FC6B6DE9D719DD6DE1B515BE /* Diy */ = {
			isa = PBXGroup;
			children = (
				F14481BA1F32CB1D766AFB69 /* DiyBraceletView.swift */,
				7526F74BD52B1A039609D8DF /* DiyDesignView.swift */,
				D959B591467788C8881269EE /* DiyDetailView.swift */,
				8C90FB5FC146C32B7F608F0A /* DiyOrderView.swift */,
				E9446383FCD8C80FAC5035CE /* DiyViewModel.swift */,
			);
			path = Diy;
			sourceTree = "<group>";
		};
		FE185DC0CD8487C881D5BBC5 /* Core */ = {
			isa = PBXGroup;
			children = (
				6D283ED1B4D3145ACA3610B6 /* Network */,
			);
			path = Core;
			sourceTree = "<group>";
		};
		FE6288A7821A0B2474D98032 /* Auth */ = {
			isa = PBXGroup;
			children = (
				7A7D526045E92370DDA8D508 /* LoginRequiredView.swift */,
				C321AEBD19A23F58E9FE7483 /* LoginView.swift */,
			);
			path = Auth;
			sourceTree = "<group>";
		};
/* End PBXGroup section */

/* Begin PBXNativeTarget section */
		5AF635CBD5ECAC5958791088 /* DongFangApp */ = {
			isa = PBXNativeTarget;
			buildConfigurationList = 05A92618F7F09E6AB3E25CDE /* Build configuration list for PBXNativeTarget "DongFangApp" */;
			buildPhases = (
				B460FB33AFC5E1349A224921 /* Sources */,
				5E7C6D1F3E0FF06E88048B91 /* Resources */,
				C69A5140590FFDEC2D1F1312 /* Frameworks */,
			);
			buildRules = (
			);
			dependencies = (
			);
			name = DongFangApp;
			packageProductDependencies = (
				6CB8A33A2CE3D91A65F80749 /* OpenIMSDKiOS */,
			);
			productName = DongFangApp;
			productReference = 19C4A2CA2A31EEAEEE340C69 /* DongFangApp.app */;
			productType = "com.apple.product-type.application";
		};
/* End PBXNativeTarget section */

/* Begin PBXProject section */
		979E242E14369C61EE590076 /* Project object */ = {
			isa = PBXProject;
			attributes = {
				BuildIndependentTargetsInParallel = YES;
				LastUpgradeCheck = 1430;
				TargetAttributes = {
					5AF635CBD5ECAC5958791088 = {
						DevelopmentTeam = "";
					};
				};
			};
			buildConfigurationList = 3B89626B1180AE6D6D2E51F9 /* Build configuration list for PBXProject "DongFangApp" */;
			developmentRegion = "zh-Hans";
			hasScannedForEncodings = 0;
			knownRegions = (
				Base,
				"zh-Hans",
			);
			mainGroup = 589D86F0D400632D6369E525;
			minimizedProjectReferenceProxies = 1;
			packageReferences = (
				FA7ED586D6FB16D37B57E0B8 /* XCRemoteSwiftPackageReference "openim-sdk-ios" */,
			);
			preferredProjectObjectVersion = 77;
			productRefGroup = 2212A00BAC87DC51EDA95F9C /* Products */;
			projectDirPath = "";
			projectRoot = "";
			targets = (
				5AF635CBD5ECAC5958791088 /* DongFangApp */,
			);
		};
/* End PBXProject section */

/* Begin PBXResourcesBuildPhase section */
		5E7C6D1F3E0FF06E88048B91 /* Resources */ = {
			isa = PBXResourcesBuildPhase;
			buildActionMask = 2147483647;
			files = (
				929252235D6B2452438425AF /* Assets.xcassets in Resources */,
			);
			runOnlyForDeploymentPostprocessing = 0;
		};
/* End PBXResourcesBuildPhase section */

/* Begin PBXSourcesBuildPhase section */
		B460FB33AFC5E1349A224921 /* Sources */ = {
			isa = PBXSourcesBuildPhase;
			buildActionMask = 2147483647;
			files = (
				84B5E75095A9D37B696B6713 /* APIClient.swift in Sources */,
				FA231E1DDC1EA5CF26115C35 /* APIResponse.swift in Sources */,
				AB46B81C569A50D1B2BB5176 /* AiDivinationView.swift in Sources */,
				615FDBF75C19A78428C9CBE2 /* AiResult.swift in Sources */,
				BE234FC62A4A6EFFB20595A0 /* Announcement.swift in Sources */,
				B3EAA3277CE211284149DB37 /* AuthStore.swift in Sources */,
				FA8DF5C8136C3083A7CF725F /* Booking.swift in Sources */,
				84F998F328F8B5EA59A5CF1F /* BookingView.swift in Sources */,
				F829CD758E338F9260D1FA82 /* BookingViewModel.swift in Sources */,
				B4EFC27D7AA2D9FE4E9C684D /* BottomTabBar.swift in Sources */,
				D4D804135148BD21C19EAE3B /* Card.swift in Sources */,
				F42B55A03DE372F3DA37E304 /* ChatDetailView.swift in Sources */,
				62859EDD2DD7DCC2EC29D1B7 /* ChatMessage.swift in Sources */,
				95CB52E2500A3A223AC906BC /* ChatView.swift in Sources */,
				0EE177F7794C1CFF7E836842 /* ChatViewModel.swift in Sources */,
				54484D8E2C7956FCFD8FDEF7 /* Configuration.swift in Sources */,
				61D940E548D42E09DFB9AB44 /* DateFormatter.swift in Sources */,
				E10148E171165C5D902CC446 /* DiyBraceletView.swift in Sources */,
				B16A7A941FCCAF092DE3C73C /* DiyDesignView.swift in Sources */,
				5152DE8AB826062170958CB4 /* DiyDetailView.swift in Sources */,
				D977E1C40A7290458864DCEA /* DiyOrder.swift in Sources */,
				3980D1D3EAF34F9165A05CA6 /* DiyOrderView.swift in Sources */,
				D9D7A823968872F3762432EC /* DiyViewModel.swift in Sources */,
				E428FDDFC9AFF9C2C869E275 /* DongFangApp.swift in Sources */,
				9DCAC833291B1ACFBB60789D /* EmptyState.swift in Sources */,
				A31DEA88CCCB3DE7FF454C25 /* Endpoint.swift in Sources */,
				FA20A6E964773D1D7030CCA6 /* GlassBackground.swift in Sources */,
				388BB00B12C73D7CED013883 /* HomeView.swift in Sources */,
				6B98795B1FDC0AFD2756DCAF /* HomeViewModel.swift in Sources */,
				E765E8D88CA7EADA4BF26F87 /* ImageMapper.swift in Sources */,
				9FF1188411679345C8C92555 /* JSONHelper.swift in Sources */,
				0868414B4C545596685E14CC /* LoadingView.swift in Sources */,
				41E700E93396DB96237B2997 /* LoginRequiredView.swift in Sources */,
				379E0BF411286D340A8362A0 /* LoginView.swift in Sources */,
				57B146988753892ADAFF17C5 /* MainTabView.swift in Sources */,
				7114168E304F9F18E61E16EB /* Master.swift in Sources */,
				90FE6999E8BBDF5CA5622022 /* MasterListView.swift in Sources */,
				14308CE165488C4CA71E79BB /* MasterListViewModel.swift in Sources */,
				0EF05DF1C4E58FE9FD15AA30 /* MasterProfileView.swift in Sources */,
				44BBB65AA886E6E4BA01D6A0 /* MasterProfileViewModel.swift in Sources */,
				06F52E38224283AD3D9B67C4 /* PrimaryButton.swift in Sources */,
				695BB1CBB602AAC1393D6EDF /* ProfileSubPages.swift in Sources */,
				0219386E4E4B912F99D9A121 /* ProfileView.swift in Sources */,
				17F3236A93A522F132A5503A /* ProfileViewModel.swift in Sources */,
				FD62D7B13DCFE5C4B52992F0 /* RemoteImage.swift in Sources */,
				46F90EBD64A21089D2A1B25A /* Service.swift in Sources */,
				B35B169513C0F234B65D9CB8 /* ServiceBlessingView.swift in Sources */,
				C8FA7A5209B8A256BE11299C /* ServiceConsecrationView.swift in Sources */,
				A98A05A40D9DF09AADD47588 /* ServiceIncenseView.swift in Sources */,
				C78940F3C6C9789E10C8EE67 /* ServiceLampView.swift in Sources */,
				EE5F51355DD2A3DDD3C8877B /* ServiceRiteView.swift in Sources */,
				6DCE915F1F7510E6EFBB1991 /* ServiceTaisuiView.swift in Sources */,
				DD6F2720622FF10453D1D3E1 /* ServiceViewModel.swift in Sources */,
				1326038FBE973B1514AF0DD2 /* ServiceVowView.swift in Sources */,
				D4AAAC91F0650D259FD983C2 /* ShopProduct.swift in Sources */,
				27E98D4531895A4CF2246E1A /* ShopView.swift in Sources */,
				F4DC4611470AE2F64831F6F6 /* ShopViewModel.swift in Sources */,
				8BA9CE40B114C6365F998545 /* StatusBadge.swift in Sources */,
				EBFA704044771FB073859654 /* TagPill.swift in Sources */,
				0DE7B68416CAE8E679C26774 /* Temple.swift in Sources */,
				6576A18C267456C5DD62A269 /* TempleDetailView.swift in Sources */,
				410A707E969AD3BCB07889B3 /* TempleDetailViewModel.swift in Sources */,
				B2FEE4BBD4A4151CC68B74DF /* TempleListView.swift in Sources */,
				CE5F5ED16F906B9A237EBAD4 /* TempleListViewModel.swift in Sources */,
				0DDC1394F6AE40DCB9EFA4EF /* Tokens.swift in Sources */,
				EACF501BF0D8E7C1AD3BB5C5 /* TopNavBar.swift in Sources */,
				6CB8C86D488358AA9ACC986C /* UserProfile.swift in Sources */,
				C84CB7A281B7808A3AF0BAB8 /* WebSocketManager.swift in Sources */,
			);
			runOnlyForDeploymentPostprocessing = 0;
		};
/* End PBXSourcesBuildPhase section */

/* Begin XCBuildConfiguration section */
		140CEA6EF6734803ECA4DE47 /* Debug */ = {
			isa = XCBuildConfiguration;
			buildSettings = {
				ALWAYS_SEARCH_USER_PATHS = NO;
				ASSETCATALOG_COMPILER_APPICON_NAME = AppIcon;
				CLANG_ANALYZER_NONNULL = YES;
				CLANG_ANALYZER_NUMBER_OBJECT_CONVERSION = YES_AGGRESSIVE;
				CLANG_CXX_LANGUAGE_STANDARD = "gnu++14";
				CLANG_CXX_LIBRARY = "libc++";
				CLANG_ENABLE_MODULES = YES;
				CLANG_ENABLE_OBJC_ARC = YES;
				CLANG_ENABLE_OBJC_WEAK = YES;
				CLANG_WARN_BLOCK_CAPTURE_AUTORELEASING = YES;
				CLANG_WARN_BOOL_CONVERSION = YES;
				CLANG_WARN_COMMA = YES;
				CLANG_WARN_CONSTANT_CONVERSION = YES;
				CLANG_WARN_DEPRECATED_OBJC_IMPLEMENTATIONS = YES;
				CLANG_WARN_DIRECT_OBJC_ISA_USAGE = YES_ERROR;
				CLANG_WARN_DOCUMENTATION_COMMENTS = YES;
				CLANG_WARN_EMPTY_BODY = YES;
				CLANG_WARN_ENUM_CONVERSION = YES;
				CLANG_WARN_INFINITE_RECURSION = YES;
				CLANG_WARN_INT_CONVERSION = YES;
				CLANG_WARN_NON_LITERAL_NULL_CONVERSION = YES;
				CLANG_WARN_OBJC_IMPLICIT_RETAIN_SELF = YES;
				CLANG_WARN_OBJC_LITERAL_CONVERSION = YES;
				CLANG_WARN_OBJC_ROOT_CLASS = YES_ERROR;
				CLANG_WARN_QUOTED_INCLUDE_IN_FRAMEWORK_HEADER = YES;
				CLANG_WARN_RANGE_LOOP_ANALYSIS = YES;
				CLANG_WARN_STRICT_PROTOTYPES = YES;
				CLANG_WARN_SUSPICIOUS_MOVE = YES;
				CLANG_WARN_UNGUARDED_AVAILABILITY = YES_AGGRESSIVE;
				CLANG_WARN_UNREACHABLE_CODE = YES;
				CLANG_WARN__DUPLICATE_METHOD_MATCH = YES;
				COPY_PHASE_STRIP = NO;
				CURRENT_PROJECT_VERSION = 1;
				DEBUG_INFORMATION_FORMAT = dwarf;
				DEVELOPMENT_TEAM = "";
				ENABLE_PREVIEWS = YES;
				ENABLE_STRICT_OBJC_MSGSEND = YES;
				ENABLE_TESTABILITY = YES;
				GCC_C_LANGUAGE_STANDARD = gnu11;
				GCC_DYNAMIC_NO_PIC = NO;
				GCC_NO_COMMON_BLOCKS = YES;
				GCC_OPTIMIZATION_LEVEL = 0;
				GCC_PREPROCESSOR_DEFINITIONS = (
					"$(inherited)",
					"DEBUG=1",
				);
				GCC_WARN_64_TO_32_BIT_CONVERSION = YES;
				GCC_WARN_ABOUT_RETURN_TYPE = YES_ERROR;
				GCC_WARN_UNDECLARED_SELECTOR = YES;
				GCC_WARN_UNINITIALIZED_AUTOS = YES_AGGRESSIVE;
				GCC_WARN_UNUSED_FUNCTION = YES;
				GCC_WARN_UNUSED_VARIABLE = YES;
				GENERATE_INFOPLIST_FILE = NO;
				INFOPLIST_FILE = DongFangApp/Resources/Info.plist;
				IPHONEOS_DEPLOYMENT_TARGET = 17.0;
				MARKETING_VERSION = 1.0.0;
				MTL_ENABLE_DEBUG_INFO = INCLUDE_SOURCE;
				MTL_FAST_MATH = YES;
				ONLY_ACTIVE_ARCH = YES;
				PRODUCT_BUNDLE_IDENTIFIER = com.dongfang.customer;
				PRODUCT_NAME = "$(TARGET_NAME)";
				SDKROOT = iphoneos;
				SWIFT_ACTIVE_COMPILATION_CONDITIONS = DEBUG;
				SWIFT_OPTIMIZATION_LEVEL = "-Onone";
				SWIFT_STRICT_CONCURRENCY = minimal;
				SWIFT_VERSION = 5.9;
				TARGETED_DEVICE_FAMILY = 1;
			};
			name = Debug;
		};
		208D3574BE70156F4D1BEE9D /* Release */ = {
			isa = XCBuildConfiguration;
			buildSettings = {
				ALWAYS_SEARCH_USER_PATHS = NO;
				ASSETCATALOG_COMPILER_APPICON_NAME = AppIcon;
				CLANG_ANALYZER_NONNULL = YES;
				CLANG_ANALYZER_NUMBER_OBJECT_CONVERSION = YES_AGGRESSIVE;
				CLANG_CXX_LANGUAGE_STANDARD = "gnu++14";
				CLANG_CXX_LIBRARY = "libc++";
				CLANG_ENABLE_MODULES = YES;
				CLANG_ENABLE_OBJC_ARC = YES;
				CLANG_ENABLE_OBJC_WEAK = YES;
				CLANG_WARN_BLOCK_CAPTURE_AUTORELEASING = YES;
				CLANG_WARN_BOOL_CONVERSION = YES;
				CLANG_WARN_COMMA = YES;
				CLANG_WARN_CONSTANT_CONVERSION = YES;
				CLANG_WARN_DEPRECATED_OBJC_IMPLEMENTATIONS = YES;
				CLANG_WARN_DIRECT_OBJC_ISA_USAGE = YES_ERROR;
				CLANG_WARN_DOCUMENTATION_COMMENTS = YES;
				CLANG_WARN_EMPTY_BODY = YES;
				CLANG_WARN_ENUM_CONVERSION = YES;
				CLANG_WARN_INFINITE_RECURSION = YES;
				CLANG_WARN_INT_CONVERSION = YES;
				CLANG_WARN_NON_LITERAL_NULL_CONVERSION = YES;
				CLANG_WARN_OBJC_IMPLICIT_RETAIN_SELF = YES;
				CLANG_WARN_OBJC_LITERAL_CONVERSION = YES;
				CLANG_WARN_OBJC_ROOT_CLASS = YES_ERROR;
				CLANG_WARN_QUOTED_INCLUDE_IN_FRAMEWORK_HEADER = YES;
				CLANG_WARN_RANGE_LOOP_ANALYSIS = YES;
				CLANG_WARN_STRICT_PROTOTYPES = YES;
				CLANG_WARN_SUSPICIOUS_MOVE = YES;
				CLANG_WARN_UNGUARDED_AVAILABILITY = YES_AGGRESSIVE;
				CLANG_WARN_UNREACHABLE_CODE = YES;
				CLANG_WARN__DUPLICATE_METHOD_MATCH = YES;
				COPY_PHASE_STRIP = NO;
				CURRENT_PROJECT_VERSION = 1;
				DEBUG_INFORMATION_FORMAT = "dwarf-with-dsym";
				DEVELOPMENT_TEAM = "";
				ENABLE_NS_ASSERTIONS = NO;
				ENABLE_PREVIEWS = YES;
				ENABLE_STRICT_OBJC_MSGSEND = YES;
				GCC_C_LANGUAGE_STANDARD = gnu11;
				GCC_NO_COMMON_BLOCKS = YES;
				GCC_WARN_64_TO_32_BIT_CONVERSION = YES;
				GCC_WARN_ABOUT_RETURN_TYPE = YES_ERROR;
				GCC_WARN_UNDECLARED_SELECTOR = YES;
				GCC_WARN_UNINITIALIZED_AUTOS = YES_AGGRESSIVE;
				GCC_WARN_UNUSED_FUNCTION = YES;
				GCC_WARN_UNUSED_VARIABLE = YES;
				GENERATE_INFOPLIST_FILE = NO;
				INFOPLIST_FILE = DongFangApp/Resources/Info.plist;
				IPHONEOS_DEPLOYMENT_TARGET = 17.0;
				MARKETING_VERSION = 1.0.0;
				MTL_ENABLE_DEBUG_INFO = NO;
				MTL_FAST_MATH = YES;
				PRODUCT_BUNDLE_IDENTIFIER = com.dongfang.customer;
				PRODUCT_NAME = "$(TARGET_NAME)";
				SDKROOT = iphoneos;
				SWIFT_COMPILATION_MODE = wholemodule;
				SWIFT_OPTIMIZATION_LEVEL = "-O";
				SWIFT_STRICT_CONCURRENCY = minimal;
				SWIFT_VERSION = 5.9;
				TARGETED_DEVICE_FAMILY = 1;
			};
			name = Release;
		};
		C67451B6D6166B1A2C33FBB7 /* Debug */ = {
			isa = XCBuildConfiguration;
			buildSettings = {
				ASSETCATALOG_COMPILER_APPICON_NAME = AppIcon;
				CODE_SIGN_IDENTITY = "iPhone Developer";
				INFOPLIST_FILE = DongFangApp/Resources/Info.plist;
				LD_RUNPATH_SEARCH_PATHS = (
					"$(inherited)",
					"@executable_path/Frameworks",
				);
				OTHER_SWIFT_FLAGS = "-DDEBUG";
				SDKROOT = iphoneos;
				SWIFT_ACTIVE_COMPILATION_CONDITIONS = DEBUG;
				TARGETED_DEVICE_FAMILY = "1,2";
			};
			name = Debug;
		};
		E7D322DE557066C3CFD1C183 /* Release */ = {
			isa = XCBuildConfiguration;
			buildSettings = {
				ASSETCATALOG_COMPILER_APPICON_NAME = AppIcon;
				CODE_SIGN_IDENTITY = "iPhone Developer";
				INFOPLIST_FILE = DongFangApp/Resources/Info.plist;
				LD_RUNPATH_SEARCH_PATHS = (
					"$(inherited)",
					"@executable_path/Frameworks",
				);
				SDKROOT = iphoneos;
				TARGETED_DEVICE_FAMILY = "1,2";
			};
			name = Release;
		};
/* End XCBuildConfiguration section */

/* Begin XCConfigurationList section */
		05A92618F7F09E6AB3E25CDE /* Build configuration list for PBXNativeTarget "DongFangApp" */ = {
			isa = XCConfigurationList;
			buildConfigurations = (
				C67451B6D6166B1A2C33FBB7 /* Debug */,
				E7D322DE557066C3CFD1C183 /* Release */,
			);
			defaultConfigurationIsVisible = 0;
			defaultConfigurationName = Debug;
		};
		3B89626B1180AE6D6D2E51F9 /* Build configuration list for PBXProject "DongFangApp" */ = {
			isa = XCConfigurationList;
			buildConfigurations = (
				140CEA6EF6734803ECA4DE47 /* Debug */,
				208D3574BE70156F4D1BEE9D /* Release */,
			);
			defaultConfigurationIsVisible = 0;
			defaultConfigurationName = Debug;
		};
/* End XCConfigurationList section */

/* Begin XCRemoteSwiftPackageReference section */
		FA7ED586D6FB16D37B57E0B8 /* XCRemoteSwiftPackageReference "openim-sdk-ios" */ = {
			isa = XCRemoteSwiftPackageReference;
			repositoryURL = "https://github.com/openimsdk/openim-sdk-ios.git";
			requirement = {
				kind = upToNextMajorVersion;
				minimumVersion = 3.8.0;
			};
		};
/* End XCRemoteSwiftPackageReference section */

/* Begin XCSwiftPackageProductDependency section */
		6CB8A33A2CE3D91A65F80749 /* OpenIMSDKiOS */ = {
			isa = XCSwiftPackageProductDependency;
			package = FA7ED586D6FB16D37B57E0B8 /* XCRemoteSwiftPackageReference "openim-sdk-ios" */;
			productName = OpenIMSDKiOS;
		};
/* End XCSwiftPackageProductDependency section */
	};
	rootObject = 979E242E14369C61EE590076 /* Project object */;
}
